// !$*UTF8*$!
{
	archiveVersion = 1;
	classes = {
	};
	objectVersion = 70;
	objects = {

/* Begin PBXBuildFile section */
		A1A1A1022CC1000200000002 /* OnboardingView.swift in Sources */ = {isa = PBXBuildFile; fileRef = A1A1A1012CC1000100000001 /* OnboardingView.swift */; };
		A1A1A1042CC1000400000004 /* HNAuthManager.swift in Sources */ = {isa = PBXBuildFile; fileRef = A1A1A1032CC1000300000003 /* HNAuthManager.swift */; };
		A1A1A1062CC1000600000006 /* LoginView.swift in Sources */ = {isa = PBXBuildFile; fileRef = A1A1A1052CC1000500000005 /* LoginView.swift */; };
		A1A1A1082CC1000800000008 /* ComposeCommentView.swift in Sources */ = {isa = PBXBuildFile; fileRef = A1A1A1072CC1000700000007 /* ComposeCommentView.swift */; };
		D3B2FCFC2BB0FF9800FE717F /* DetailView.swift in Sources */ = {isa = PBXBuildFile; fileRef = D3B2FCFB2BB0FF9800FE717F /* DetailView.swift */; };
		D3B2FCFE2BB0FFB400FE717F /* StoryRowView.swift in Sources */ = {isa = PBXBuildFile; fileRef = D3B2FCFD2BB0FFB400FE717F /* StoryRowView.swift */; };
		D3B2FD002BB1003400FE717F /* Types.swift in Sources */ = {isa = PBXBuildFile; fileRef = D3B2FCFF2BB1003400FE717F /* Types.swift */; };
		D3B2FD022BB1007A00FE717F /* CommentRow.swift in Sources */ = {isa = PBXBuildFile; fileRef = D3B2FD012BB1007A00FE717F /* CommentRow.swift */; };
		D3C101122BAF4E3700A6A63B /* HackerWatch.app in Embed Watch Content */ = {isa = PBXBuildFile; fileRef = D3C101112BAF4E3700A6A63B /* HackerWatch.app */; settings = {ATTRIBUTES = (RemoveHeadersOnCopy, ); }; };
		D3C101172BAF4E3700A6A63B /* HackerPocketApp.swift in Sources */ = {isa = PBXBuildFile; fileRef = D3C101162BAF4E3700A6A63B /* HackerPocketApp.swift */; };
		D3C101192BAF4E3700A6A63B /* ContentView.swift in Sources */ = {isa = PBXBuildFile; fileRef = D3C101182BAF4E3700A6A63B /* ContentView.swift */; };
		D3C1011B2BAF4E3800A6A63B /* Assets.xcassets in Resources */ = {isa = PBXBuildFile; fileRef = D3C1011A2BAF4E3800A6A63B /* Assets.xcassets */; };
		D3C1011E2BAF4E3800A6A63B /* Preview Assets.xcassets in Resources */ = {isa = PBXBuildFile; fileRef = D3C1011D2BAF4E3800A6A63B /* Preview Assets.xcassets */; };
		D3C101292BAF589100A6A63B /* CommentsView.swift in Sources */ = {isa = PBXBuildFile; fileRef = D3C101282BAF589100A6A63B /* CommentsView.swift */; };
		D3DD75212F383C560093AA7A /* WidgetKit.framework in Frameworks */ = {isa = PBXBuildFile; fileRef = D3DD75202F383C560093AA7A /* WidgetKit.framework */; };
		D3DD75232F383C560093AA7A /* SwiftUI.framework in Frameworks */ = {isa = PBXBuildFile; fileRef = D3DD75222F383C560093AA7A /* SwiftUI.framework */; };
		D3DD75302F383C570093AA7A /* HackerPocketWidgetExtension.appex in Embed Foundation Extensions */ = {isa = PBXBuildFile; fileRef = D3DD751E2F383C560093AA7A /* HackerPocketWidgetExtension.appex */; settings = {ATTRIBUTES = (RemoveHeadersOnCopy, ); }; };
		D3DD75382F383D7C0093AA7A /* OpenAppIntent.swift in Sources */ = {isa = PBXBuildFile; fileRef = D3DD75372F383D7C0093AA7A /* OpenAppIntent.swift */; };
		D3DD753A2F383DD10093AA7A /* QUICK_START.md in Resources */ = {isa = PBXBuildFile; fileRef = D3DD75392F383DD10093AA7A /* QUICK_START.md */; };
		D3DD753B2F383DF00093AA7A /* OpenAppIntent.swift in Sources */ = {isa = PBXBuildFile; fileRef = D3DD75372F383D7C0093AA7A /* OpenAppIntent.swift */; };
/* End PBXBuildFile section */

/* Begin PBXContainerItemProxy section */
		D3C101132BAF4E3700A6A63B /* PBXContainerItemProxy */ = {
			isa = PBXContainerItemProxy;
			containerPortal = D3C101052BAF4E3700A6A63B /* Project object */;
			proxyType = 1;
			remoteGlobalIDString = D3C101102BAF4E3700A6A63B;
			remoteInfo = "HackerPocket Watch App";
		};
		D3DD752E2F383C570093AA7A /* PBXContainerItemProxy */ = {
			isa = PBXContainerItemProxy;
			containerPortal = D3C101052BAF4E3700A6A63B /* Project object */;
			proxyType = 1;
			remoteGlobalIDString = D3DD751D2F383C560093AA7A;
			remoteInfo = HackerPocketWidgetExtension;
		};
/* End PBXContainerItemProxy section */

/* Begin PBXCopyFilesBuildPhase section */
		D3C101242BAF4E3800A6A63B /* Embed Watch Content */ = {
			isa = PBXCopyFilesBuildPhase;
			buildActionMask = 2147483647;
			dstPath = "$(CONTENTS_FOLDER_PATH)/Watch";
			dstSubfolderSpec = 16;
			files = (
				D3C101122BAF4E3700A6A63B /* HackerWatch.app in Embed Watch Content */,
			);
			name = "Embed Watch Content";
			runOnlyForDeploymentPostprocessing = 0;
		};
		D3DD75312F383C570093AA7A /* Embed Foundation Extensions */ = {
			isa = PBXCopyFilesBuildPhase;
			buildActionMask = 2147483647;
			dstPath = "";
			dstSubfolderSpec = 13;
			files = (
				D3DD75302F383C570093AA7A /* HackerPocketWidgetExtension.appex in Embed Foundation Extensions */,
			);
			name = "Embed Foundation Extensions";
			runOnlyForDeploymentPostprocessing = 0;
		};
/* End PBXCopyFilesBuildPhase section */

/* Begin PBXFileReference section */
		A1A1A1012CC1000100000001 /* OnboardingView.swift */ = {isa = PBXFileReference; lastKnownFileType = sourcecode.swift; path = OnboardingView.swift; sourceTree = "<group>"; };
		A1A1A1032CC1000300000003 /* HNAuthManager.swift */ = {isa = PBXFileReference; lastKnownFileType = sourcecode.swift; path = HNAuthManager.swift; sourceTree = "<group>"; };
		A1A1A1052CC1000500000005 /* LoginView.swift */ = {isa = PBXFileReference; lastKnownFileType = sourcecode.swift; path = LoginView.swift; sourceTree = "<group>"; };
		A1A1A1072CC1000700000007 /* ComposeCommentView.swift */ = {isa = PBXFileReference; lastKnownFileType = sourcecode.swift; path = ComposeCommentView.swift; sourceTree = "<group>"; };
		D3B2FCFB2BB0FF9800FE717F /* DetailView.swift */ = {isa = PBXFileReference; lastKnownFileType = sourcecode.swift; path = DetailView.swift; sourceTree = "<group>"; };
		D3B2FCFD2BB0FFB400FE717F /* StoryRowView.swift */ = {isa = PBXFileReference; lastKnownFileType = sourcecode.swift; path = StoryRowView.swift; sourceTree = "<group>"; };
		D3B2FCFF2BB1003400FE717F /* Types.swift */ = {isa = PBXFileReference; lastKnownFileType = sourcecode.swift; path = Types.swift; sourceTree = "<group>"; };
		D3B2FD012BB1007A00FE717F /* CommentRow.swift */ = {isa = PBXFileReference; lastKnownFileType = sourcecode.swift; path = CommentRow.swift; sourceTree = "<group>"; };
		D3C1010B2BAF4E3700A6A63B /* HackerPocket.app */ = {isa = PBXFileReference; explicitFileType = wrapper.application; includeInIndex = 0; path = HackerPocket.app; sourceTree = BUILT_PRODUCTS_DIR; };
		D3C101112BAF4E3700A6A63B /* HackerWatch.app */ = {isa = PBXFileReference; explicitFileType = wrapper.application; includeInIndex = 0; path = HackerWatch.app; sourceTree = BUILT_PRODUCTS_DIR; };
		D3C101162BAF4E3700A6A63B /* HackerPocketApp.swift */ = {isa = PBXFileReference; lastKnownFileType = sourcecode.swift; path = HackerPocketApp.swift; sourceTree = "<group>"; };
		D3C101182BAF4E3700A6A63B /* ContentView.swift */ = {isa = PBXFileReference; lastKnownFileType = sourcecode.swift; path = ContentView.swift; sourceTree = "<group>"; };
		D3C1011A2BAF4E3800A6A63B /* Assets.xcassets */ = {isa = PBXFileReference; lastKnownFileType = folder.assetcatalog; path = Assets.xcassets; sourceTree = "<group>"; };
		D3C1011D2BAF4E3800A6A63B /* Preview Assets.xcassets */ = {isa = PBXFileReference; lastKnownFileType = folder.assetcatalog; path = "Preview Assets.xcassets"; sourceTree = "<group>"; };
		D3C101282BAF589100A6A63B /* CommentsView.swift */ = {isa = PBXFileReference; lastKnownFileType = sourcecode.swift; path = CommentsView.swift; sourceTree = "<group>"; };
		D3DD751E2F383C560093AA7A /* HackerPocketWidgetExtension.appex */ = {isa = PBXFileReference; explicitFileType = "wrapper.app-extension"; includeInIndex = 0; path = HackerPocketWidgetExtension.appex; sourceTree = BUILT_PRODUCTS_DIR; };
		D3DD75202F383C560093AA7A /* WidgetKit.framework */ = {isa = PBXFileReference; lastKnownFileType = wrapper.framework; name = WidgetKit.framework; path = System/Library/Frameworks/WidgetKit.framework; sourceTree = SDKROOT; };
		D3DD75222F383C560093AA7A /* SwiftUI.framework */ = {isa = PBXFileReference; lastKnownFileType = wrapper.framework; name = SwiftUI.framework; path = System/Library/Frameworks/SwiftUI.framework; sourceTree = SDKROOT; };
		D3DD75362F383CF50093AA7A /* HackerPocket-Watch-App-Info.plist */ = {isa = PBXFileReference; lastKnownFileType = text.plist; path = "HackerPocket-Watch-App-Info.plist"; sourceTree = SOURCE_ROOT; };
		D3DD75372F383D7C0093AA7A /* OpenAppIntent.swift */ = {isa = PBXFileReference; lastKnownFileType = sourcecode.swift; path = OpenAppIntent.swift; sourceTree = "<group>"; };
		D3DD75392F383DD10093AA7A /* QUICK_START.md */ = {isa = PBXFileReference; lastKnownFileType = net.daringfireball.markdown; path = QUICK_START.md; sourceTree = "<group>"; };
/* End PBXFileReference section */

/* Begin PBXFileSystemSynchronizedBuildFileExceptionSet section */
		D3DD75342F383C570093AA7A /* PBXFileSystemSynchronizedBuildFileExceptionSet */ = {
			isa = PBXFileSystemSynchronizedBuildFileExceptionSet;
			membershipExceptions = (
				Info.plist,
			);
			target = D3DD751D2F383C560093AA7A /* HackerPocketWidgetExtension */;
		};
/* End PBXFileSystemSynchronizedBuildFileExceptionSet section */

/* Begin PBXFileSystemSynchronizedRootGroup section */
		D3DD75242F383C560093AA7A /* HackerPocketWidget */ = {isa = PBXFileSystemSynchronizedRootGroup; exceptions = (D3DD75342F383C570093AA7A /* PBXFileSystemSynchronizedBuildFileExceptionSet */, ); explicitFileTypes = {}; explicitFolders = (); path = HackerPocketWidget; sourceTree = "<group>"; };
/* End PBXFileSystemSynchronizedRootGroup section */

/* Begin PBXFrameworksBuildPhase section */
		D3C1010E2BAF4E3700A6A63B /* Frameworks */ = {
			isa = PBXFrameworksBuildPhase;
			buildActionMask = 2147483647;
			files = (
			);
			runOnlyForDeploymentPostprocessing = 0;
		};
		D3DD751B2F383C560093AA7A /* Frameworks */ = {
			isa = PBXFrameworksBuildPhase;
			buildActionMask = 2147483647;
			files = (
				D3DD75232F383C560093AA7A /* SwiftUI.framework in Frameworks */,
				D3DD75212F383C560093AA7A /* WidgetKit.framework in Frameworks */,
			);
			runOnlyForDeploymentPostprocessing = 0;
		};
/* End PBXFrameworksBuildPhase section */

/* Begin PBXGroup section */
		D3C101042BAF4E3700A6A63B = {
			isa = PBXGroup;
			children = (
				D3C101152BAF4E3700A6A63B /* HackerPocket Watch App */,
				D3DD75242F383C560093AA7A /* HackerPocketWidget */,
				D3DD751F2F383C560093AA7A /* Frameworks */,
				D3C1010C2BAF4E3700A6A63B /* Products */,
			);
			sourceTree = "<group>";
		};
		D3C1010C2BAF4E3700A6A63B /* Products */ = {
			isa = PBXGroup;
			children = (
				D3C1010B2BAF4E3700A6A63B /* HackerPocket.app */,
				D3C101112BAF4E3700A6A63B /* HackerWatch.app */,
				D3DD751E2F383C560093AA7A /* HackerPocketWidgetExtension.appex */,
			);
			name = Products;
			sourceTree = "<group>";
		};
		D3C101152BAF4E3700A6A63B /* HackerPocket Watch App */ = {
			isa = PBXGroup;
			children = (
				D3DD75362F383CF50093AA7A /* HackerPocket-Watch-App-Info.plist */,
				D3C101162BAF4E3700A6A63B /* HackerPocketApp.swift */,
				D3C101182BAF4E3700A6A63B /* ContentView.swift */,
				D3C1011A2BAF4E3800A6A63B /* Assets.xcassets */,
				D3C1011C2BAF4E3800A6A63B /* Preview Content */,
				D3C101282BAF589100A6A63B /* CommentsView.swift */,
				D3B2FCFB2BB0FF9800FE717F /* DetailView.swift */,
				D3B2FCFD2BB0FFB400FE717F /* StoryRowView.swift */,
				D3B2FCFF2BB1003400FE717F /* Types.swift */,
				D3B2FD012BB1007A00FE717F /* CommentRow.swift */,
				A1A1A1012CC1000100000001 /* OnboardingView.swift */,
				A1A1A1032CC1000300000003 /* HNAuthManager.swift */,
				A1A1A1052CC1000500000005 /* LoginView.swift */,
				A1A1A1072CC1000700000007 /* ComposeCommentView.swift */,
				D3DD75372F383D7C0093AA7A /* OpenAppIntent.swift */,
				D3DD75392F383DD10093AA7A /* QUICK_START.md */,
			);
			path = "HackerPocket Watch App";
			sourceTree = "<group>";
		};
		D3C1011C2BAF4E3800A6A63B /* Preview Content */ = {
			isa = PBXGroup;
			children = (
				D3C1011D2BAF4E3800A6A63B /* Preview Assets.xcassets */,
			);
			path = "Preview Content";
			sourceTree = "<group>";
		};
		D3DD751F2F383C560093AA7A /* Frameworks */ = {
			isa = PBXGroup;
			children = (
				D3DD75202F383C560093AA7A /* WidgetKit.framework */,
				D3DD75222F383C560093AA7A /* SwiftUI.framework */,
			);
			name = Frameworks;
			sourceTree = "<group>";
		};
/* End PBXGroup section */

/* Begin PBXNativeTarget section */
		D3C1010A2BAF4E3700A6A63B /* HackerPocket */ = {
			isa = PBXNativeTarget;
			buildConfigurationList = D3C101252BAF4E3800A6A63B /* Build configuration list for PBXNativeTarget "HackerPocket" */;
			buildPhases = (
				D3C101092BAF4E3700A6A63B /* Resources */,
				D3C101242BAF4E3800A6A63B /* Embed Watch Content */,
			);
			buildRules = (
			);
			dependencies = (
				D3C101142BAF4E3700A6A63B /* PBXTargetDependency */,
			);
			name = HackerPocket;
			productName = HackerPocket;
			productReference = D3C1010B2BAF4E3700A6A63B /* HackerPocket.app */;
			productType = "com.apple.product-type.application.watchapp2-container";
		};
		D3C101102BAF4E3700A6A63B /* HackerPocket Watch App */ = {
			isa = PBXNativeTarget;
			buildConfigurationList = D3C101212BAF4E3800A6A63B /* Build configuration list for PBXNativeTarget "HackerPocket Watch App" */;
			buildPhases = (
				D3C1010D2BAF4E3700A6A63B /* Sources */,
				D3C1010E2BAF4E3700A6A63B /* Frameworks */,
				D3C1010F2BAF4E3700A6A63B /* Resources */,
				D3DD75312F383C570093AA7A /* Embed Foundation Extensions */,
			);
			buildRules = (
			);
			dependencies = (
				D3DD752F2F383C570093AA7A /* PBXTargetDependency */,
			);
			name = "HackerPocket Watch App";
			productName = "HackerPocket Watch App";
			productReference = D3C101112BAF4E3700A6A63B /* HackerWatch.app */;
			productType = "com.apple.product-type.application";
		};
		D3DD751D2F383C560093AA7A /* HackerPocketWidgetExtension */ = {
			isa = PBXNativeTarget;
			buildConfigurationList = D3DD75352F383C570093AA7A /* Build configuration list for PBXNativeTarget "HackerPocketWidgetExtension" */;
			buildPhases = (
				D3DD751A2F383C560093AA7A /* Sources */,
				D3DD751B2F383C560093AA7A /* Frameworks */,
				D3DD751C2F383C560093AA7A /* Resources */,
			);
			buildRules = (
			);
			dependencies = (
			);
			fileSystemSynchronizedGroups = (
				D3DD75242F383C560093AA7A /* HackerPocketWidget */,
			);
			name = HackerPocketWidgetExtension;
			packageProductDependencies = (
			);
			productName = HackerPocketWidgetExtension;
			productReference = D3DD751E2F383C560093AA7A /* HackerPocketWidgetExtension.appex */;
			productType = "com.apple.product-type.app-extension";
		};
/* End PBXNativeTarget section */

/* Begin PBXProject section */
		D3C101052BAF4E3700A6A63B /* Project object */ = {
			isa = PBXProject;
			attributes = {
				BuildIndependentTargetsInParallel = 1;
				LastSwiftUpdateCheck = 2620;
				LastUpgradeCheck = 1530;
				TargetAttributes = {
					D3C1010A2BAF4E3700A6A63B = {
						CreatedOnToolsVersion = 15.3;
					};
					D3C101102BAF4E3700A6A63B = {
						CreatedOnToolsVersion = 15.3;
					};
					D3DD751D2F383C560093AA7A = {
						CreatedOnToolsVersion = 26.2;
					};
				};
			};
			buildConfigurationList = D3C101082BAF4E3700A6A63B /* Build configuration list for PBXProject "HackerPocket" */;
			compatibilityVersion = "Xcode 14.0";
			developmentRegion = en;
			hasScannedForEncodings = 0;
			knownRegions = (
				en,
				Base,
			);
			mainGroup = D3C101042BAF4E3700A6A63B;
			productRefGroup = D3C1010C2BAF4E3700A6A63B /* Products */;
			projectDirPath = "";
			projectRoot = "";
			targets = (
				D3C1010A2BAF4E3700A6A63B /* HackerPocket */,
				D3C101102BAF4E3700A6A63B /* HackerPocket Watch App */,
				D3DD751D2F383C560093AA7A /* HackerPocketWidgetExtension */,
			);
		};
/* End PBXProject section */

/* Begin PBXResourcesBuildPhase section */
		D3C101092BAF4E3700A6A63B /* Resources */ = {
			isa = PBXResourcesBuildPhase;
			buildActionMask = 2147483647;
			files = (
			);
			runOnlyForDeploymentPostprocessing = 0;
		};
		D3C1010F2BAF4E3700A6A63B /* Resources */ = {
			isa = PBXResourcesBuildPhase;
			buildActionMask = 2147483647;
			files = (
				D3C1011E2BAF4E3800A6A63B /* Preview Assets.xcassets in Resources */,
				D3C1011B2BAF4E3800A6A63B /* Assets.xcassets in Resources */,
				D3DD753A2F383DD10093AA7A /* QUICK_START.md in Resources */,
			);
			runOnlyForDeploymentPostprocessing = 0;
		};
		D3DD751C2F383C560093AA7A /* Resources */ = {
			isa = PBXResourcesBuildPhase;
			buildActionMask = 2147483647;
			files = (
			);
			runOnlyForDeploymentPostprocessing = 0;
		};
/* End PBXResourcesBuildPhase section */

/* Begin PBXSourcesBuildPhase section */
		D3C1010D2BAF4E3700A6A63B /* Sources */ = {
			isa = PBXSourcesBuildPhase;
			buildActionMask = 2147483647;
			files = (
				D3C101192BAF4E3700A6A63B /* ContentView.swift in Sources */,
				D3B2FCFC2BB0FF9800FE717F /* DetailView.swift in Sources */,
				D3C101172BAF4E3700A6A63B /* HackerPocketApp.swift in Sources */,
				D3B2FD002BB1003400FE717F /* Types.swift in Sources */,
				D3B2FCFE2BB0FFB400FE717F /* StoryRowView.swift in Sources */,
				D3B2FD022BB1007A00FE717F /* CommentRow.swift in Sources */,
				D3C101292BAF589100A6A63B /* CommentsView.swift in Sources */,
				A1A1A1022CC1000200000002 /* OnboardingView.swift in Sources */,
				A1A1A1042CC1000400000004 /* HNAuthManager.swift in Sources */,
				A1A1A1062CC1000600000006 /* LoginView.swift in Sources */,
				A1A1A1082CC1000800000008 /* ComposeCommentView.swift in Sources */,
				D3DD75382F383D7C0093AA7A /* OpenAppIntent.swift in Sources */,
			);
			runOnlyForDeploymentPostprocessing = 0;
		};
		D3DD751A2F383C560093AA7A /* Sources */ = {
			isa = PBXSourcesBuildPhase;
			buildActionMask = 2147483647;
			files = (
				D3DD753B2F383DF00093AA7A /* OpenAppIntent.swift in Sources */,
			);
			runOnlyForDeploymentPostprocessing = 0;
		};
/* End PBXSourcesBuildPhase section */

/* Begin PBXTargetDependency section */
		D3C101142BAF4E3700A6A63B /* PBXTargetDependency */ = {
			isa = PBXTargetDependency;
			target = D3C101102BAF4E3700A6A63B /* HackerPocket Watch App */;
			targetProxy = D3C101132BAF4E3700A6A63B /* PBXContainerItemProxy */;
		};
		D3DD752F2F383C570093AA7A /* PBXTargetDependency */ = {
			isa = PBXTargetDependency;
			target = D3DD751D2F383C560093AA7A /* HackerPocketWidgetExtension */;
			targetProxy = D3DD752E2F383C570093AA7A /* PBXContainerItemProxy */;
		};
/* End PBXTargetDependency section */

/* Begin XCBuildConfiguration section */
		D3C1011F2BAF4E3800A6A63B /* Debug */ = {
			isa = XCBuildConfiguration;
			buildSettings = {
				ALWAYS_SEARCH_USER_PATHS = NO;
				ASSETCATALOG_COMPILER_GENERATE_SWIFT_ASSET_SYMBOL_EXTENSIONS = YES;
				CLANG_ANALYZER_NONNULL = YES;
				CLANG_ANALYZER_NUMBER_OBJECT_CONVERSION = YES_AGGRESSIVE;
				CLANG_CXX_LANGUAGE_STANDARD = "gnu++20";
				CLANG_ENABLE_MODULES = YES;
				CLANG_ENABLE_OBJC_ARC = YES;
				CLANG_ENABLE_OBJC_WEAK = YES;
				CLANG_WARN_BLOCK_CAPTURE_AUTORELEASING = YES;
				CLANG_WARN_BOOL_CONVERSION = YES;
				CLANG_WARN_COMMA = YES;
				CLANG_WARN_CONSTANT_CONVERSION = YES;
				CLANG_WARN_DEPRECATED_OBJC_IMPLEMENTATIONS = YES;
				CLANG_WARN_DIRECT_OBJC_ISA_USAGE = YES_ERROR;
				CLANG_WARN_DOCUMENTATION_COMMENTS = YES;
				CLANG_WARN_EMPTY_BODY = YES;
				CLANG_WARN_ENUM_CONVERSION = YES;
				CLANG_WARN_INFINITE_RECURSION = YES;
				CLANG_WARN_INT_CONVERSION = YES;
				CLANG_WARN_NON_LITERAL_NULL_CONVERSION = YES;
				CLANG_WARN_OBJC_IMPLICIT_RETAIN_SELF = YES;
				CLANG_WARN_OBJC_LITERAL_CONVERSION = YES;
				CLANG_WARN_OBJC_ROOT_CLASS = YES_ERROR;
				CLANG_WARN_QUOTED_INCLUDE_IN_FRAMEWORK_HEADER = YES;
				CLANG_WARN_RANGE_LOOP_ANALYSIS = YES;
				CLANG_WARN_STRICT_PROTOTYPES = YES;
				CLANG_WARN_SUSPICIOUS_MOVE = YES;
				CLANG_WARN_UNGUARDED_AVAILABILITY = YES_AGGRESSIVE;
				CLANG_WARN_UNREACHABLE_CODE = YES;
				CLANG_WARN__DUPLICATE_METHOD_MATCH = YES;
				COPY_PHASE_STRIP = NO;
				DEBUG_INFORMATION_FORMAT = dwarf;
				ENABLE_STRICT_OBJC_MSGSEND = YES;
				ENABLE_TESTABILITY = YES;
				ENABLE_USER_SCRIPT_SANDBOXING = YES;
				GCC_C_LANGUAGE_STANDARD = gnu17;
				GCC_DYNAMIC_NO_PIC = NO;
				GCC_NO_COMMON_BLOCKS = YES;
				GCC_OPTIMIZATION_LEVEL = 0;
				GCC_PREPROCESSOR_DEFINITIONS = (
					"DEBUG=1",
					"$(inherited)",
				);
				GCC_WARN_64_TO_32_BIT_CONVERSION = YES;
				GCC_WARN_ABOUT_RETURN_TYPE = YES_ERROR;
				GCC_WARN_UNDECLARED_SELECTOR = YES;
				GCC_WARN_UNINITIALIZED_AUTOS = YES_AGGRESSIVE;
				GCC_WARN_UNUSED_FUNCTION = YES;
				GCC_WARN_UNUSED_VARIABLE = YES;
				LOCALIZATION_PREFERS_STRING_CATALOGS = YES;
				MTL_ENABLE_DEBUG_INFO = INCLUDE_SOURCE;
				MTL_FAST_MATH = YES;
				ONLY_ACTIVE_ARCH = YES;
				SWIFT_ACTIVE_COMPILATION_CONDITIONS = "DEBUG $(inherited)";
				SWIFT_OPTIMIZATION_LEVEL = "-Onone";
			};
			name = Debug;
		};
		D3C101202BAF4E3800A6A63B /* Release */ = {
			isa = XCBuildConfiguration;
			buildSettings = {
				ALWAYS_SEARCH_USER_PATHS = NO;
				ASSETCATALOG_COMPILER_GENERATE_SWIFT_ASSET_SYMBOL_EXTENSIONS = YES;
				CLANG_ANALYZER_NONNULL = YES;
				CLANG_ANALYZER_NUMBER_OBJECT_CONVERSION = YES_AGGRESSIVE;
				CLANG_CXX_LANGUAGE_STANDARD = "gnu++20";
				CLANG_ENABLE_MODULES = YES;
				CLANG_ENABLE_OBJC_ARC = YES;
				CLANG_ENABLE_OBJC_WEAK = YES;
				CLANG_WARN_BLOCK_CAPTURE_AUTORELEASING = YES;
				CLANG_WARN_BOOL_CONVERSION = YES;
				CLANG_WARN_COMMA = YES;
				CLANG_WARN_CONSTANT_CONVERSION = YES;
				CLANG_WARN_DEPRECATED_OBJC_IMPLEMENTATIONS = YES;
				CLANG_WARN_DIRECT_OBJC_ISA_USAGE = YES_ERROR;
				CLANG_WARN_DOCUMENTATION_COMMENTS = YES;
				CLANG_WARN_EMPTY_BODY = YES;
				CLANG_WARN_ENUM_CONVERSION = YES;
				CLANG_WARN_INFINITE_RECURSION = YES;
				CLANG_WARN_INT_CONVERSION = YES;
				CLANG_WARN_NON_LITERAL_NULL_CONVERSION = YES;
				CLANG_WARN_OBJC_IMPLICIT_RETAIN_SELF = YES;
				CLANG_WARN_OBJC_LITERAL_CONVERSION = YES;
				CLANG_WARN_OBJC_ROOT_CLASS = YES_ERROR;
				CLANG_WARN_QUOTED_INCLUDE_IN_FRAMEWORK_HEADER = YES;
				CLANG_WARN_RANGE_LOOP_ANALYSIS = YES;
				CLANG_WARN_STRICT_PROTOTYPES = YES;
				CLANG_WARN_SUSPICIOUS_MOVE = YES;
				CLANG_WARN_UNGUARDED_AVAILABILITY = YES_AGGRESSIVE;
				CLANG_WARN_UNREACHABLE_CODE = YES;
				CLANG_WARN__DUPLICATE_METHOD_MATCH = YES;
				COPY_PHASE_STRIP = NO;
				DEBUG_INFORMATION_FORMAT = "dwarf-with-dsym";
				ENABLE_NS_ASSERTIONS = NO;
				ENABLE_STRICT_OBJC_MSGSEND = YES;
				ENABLE_USER_SCRIPT_SANDBOXING = YES;
				GCC_C_LANGUAGE_STANDARD = gnu17;
				GCC_NO_COMMON_BLOCKS = YES;
				GCC_WARN_64_TO_32_BIT_CONVERSION = YES;
				GCC_WARN_ABOUT_RETURN_TYPE = YES_ERROR;
				GCC_WARN_UNDECLARED_SELECTOR = YES;
				GCC_WARN_UNINITIALIZED_AUTOS = YES_AGGRESSIVE;
				GCC_WARN_UNUSED_FUNCTION = YES;
				GCC_WARN_UNUSED_VARIABLE = YES;
				LOCALIZATION_PREFERS_STRING_CATALOGS = YES;
				MTL_ENABLE_DEBUG_INFO = NO;
				MTL_FAST_MATH = YES;
				SWIFT_COMPILATION_MODE = wholemodule;
			};
			name = Release;
		};
		D3C101222BAF4E3800A6A63B /* Debug */ = {
			isa = XCBuildConfiguration;
			buildSettings = {
				ASSETCATALOG_COMPILER_APPICON_NAME = AppIcon;
				ASSETCATALOG_COMPILER_GLOBAL_ACCENT_COLOR_NAME = AccentColor;
				CODE_SIGN_STYLE = Automatic;
				CURRENT_PROJECT_VERSION = 3;
				DEVELOPMENT_ASSET_PATHS = "\"HackerPocket Watch App/Preview Content\"";
				DEVELOPMENT_TEAM = ZU78LZES28;
				ENABLE_PREVIEWS = YES;
				GENERATE_INFOPLIST_FILE = YES;
				INFOPLIST_FILE = "HackerPocket-Watch-App-Info.plist";
				INFOPLIST_KEY_UISupportedInterfaceOrientations = "UIInterfaceOrientationPortrait UIInterfaceOrientationPortraitUpsideDown";
				INFOPLIST_KEY_WKWatchOnly = YES;
				LD_RUNPATH_SEARCH_PATHS = (
					"$(inherited)",
					"@executable_path/Frameworks",
				);
				MARKETING_VERSION = 2.0;
				PRODUCT_BUNDLE_IDENTIFIER = com.dakotakim.HackerPocket.watchkitapp;
				PRODUCT_NAME = HackerWatch;
				SDKROOT = watchos;
				SKIP_INSTALL = YES;
				SWIFT_EMIT_LOC_STRINGS = YES;
				SWIFT_VERSION = 5.0;
				TARGETED_DEVICE_FAMILY = 4;
				WATCHOS_DEPLOYMENT_TARGET = 26.0;
			};
			name = Debug;
		};
		D3C101232BAF4E3800A6A63B /* Release */ = {
			isa = XCBuildConfiguration;
			buildSettings = {
				ASSETCATALOG_COMPILER_APPICON_NAME = AppIcon;
				ASSETCATALOG_COMPILER_GLOBAL_ACCENT_COLOR_NAME = AccentColor;
				CODE_SIGN_STYLE = Automatic;
				CURRENT_PROJECT_VERSION = 3;
				DEVELOPMENT_ASSET_PATHS = "\"HackerPocket Watch App/Preview Content\"";
				DEVELOPMENT_TEAM = ZU78LZES28;
				ENABLE_PREVIEWS = YES;
				GENERATE_INFOPLIST_FILE = YES;
				INFOPLIST_FILE = "HackerPocket-Watch-App-Info.plist";
				INFOPLIST_KEY_UISupportedInterfaceOrientations = "UIInterfaceOrientationPortrait UIInterfaceOrientationPortraitUpsideDown";
				INFOPLIST_KEY_WKWatchOnly = YES;
				LD_RUNPATH_SEARCH_PATHS = (
					"$(inherited)",
					"@executable_path/Frameworks",
				);
				MARKETING_VERSION = 2.0;
				PRODUCT_BUNDLE_IDENTIFIER = com.dakotakim.HackerPocket.watchkitapp;
				PRODUCT_NAME = HackerWatch;
				SDKROOT = watchos;
				SKIP_INSTALL = YES;
				SWIFT_EMIT_LOC_STRINGS = YES;
				SWIFT_VERSION = 5.0;
				TARGETED_DEVICE_FAMILY = 4;
				VALIDATE_PRODUCT = YES;
				WATCHOS_DEPLOYMENT_TARGET = 26.0;
			};
			name = Release;
		};
		D3C101262BAF4E3800A6A63B /* Debug */ = {
			isa = XCBuildConfiguration;
			buildSettings = {
				ALWAYS_EMBED_SWIFT_STANDARD_LIBRARIES = YES;
				CODE_SIGN_STYLE = Automatic;
				CURRENT_PROJECT_VERSION = 3;
				DEVELOPMENT_TEAM = ZU78LZES28;
				INFOPLIST_KEY_CFBundleDisplayName = HackerPocket;
				MARKETING_VERSION = 2.0;
				PRODUCT_BUNDLE_IDENTIFIER = com.dakotakim.HackerPocket;
				PRODUCT_NAME = "$(TARGET_NAME)";
				SDKROOT = iphoneos;
				SWIFT_VERSION = 5.0;
			};
			name = Debug;
		};
		D3C101272BAF4E3800A6A63B /* Release */ = {
			isa = XCBuildConfiguration;
			buildSettings = {
				ALWAYS_EMBED_SWIFT_STANDARD_LIBRARIES = YES;
				CODE_SIGN_STYLE = Automatic;
				CURRENT_PROJECT_VERSION = 3;
				DEVELOPMENT_TEAM = ZU78LZES28;
				INFOPLIST_KEY_CFBundleDisplayName = HackerPocket;
				MARKETING_VERSION = 2.0;
				PRODUCT_BUNDLE_IDENTIFIER = com.dakotakim.HackerPocket;
				PRODUCT_NAME = "$(TARGET_NAME)";
				SDKROOT = iphoneos;
				SWIFT_VERSION = 5.0;
				VALIDATE_PRODUCT = YES;
			};
			name = Release;
		};
		D3DD75322F383C570093AA7A /* Debug */ = {
			isa = XCBuildConfiguration;
			buildSettings = {
				ASSETCATALOG_COMPILER_GLOBAL_ACCENT_COLOR_NAME = AccentColor;
				ASSETCATALOG_COMPILER_WIDGET_BACKGROUND_COLOR_NAME = WidgetBackground;
				CODE_SIGN_STYLE = Automatic;
				CURRENT_PROJECT_VERSION = 1;
				DEVELOPMENT_TEAM = ZU78LZES28;
				GENERATE_INFOPLIST_FILE = YES;
				INFOPLIST_FILE = HackerPocketWidget/Info.plist;
				INFOPLIST_KEY_CFBundleDisplayName = HackerPocketWidget;
				INFOPLIST_KEY_NSHumanReadableCopyright = "";
				LD_RUNPATH_SEARCH_PATHS = (
					"$(inherited)",
					"@executable_path/Frameworks",
					"@executable_path/../../Frameworks",
					"@executable_path/../../../../Frameworks",
				);
				MARKETING_VERSION = 1.0;
				PRODUCT_BUNDLE_IDENTIFIER = com.dakotakim.HackerPocket.watchkitapp.HackerPocketWidget;
				PRODUCT_NAME = "$(TARGET_NAME)";
				SDKROOT = watchos;
				SKIP_INSTALL = YES;
				STRING_CATALOG_GENERATE_SYMBOLS = YES;
				SWIFT_APPROACHABLE_CONCURRENCY = YES;
				SWIFT_EMIT_LOC_STRINGS = YES;
				SWIFT_UPCOMING_FEATURE_MEMBER_IMPORT_VISIBILITY = YES;
				SWIFT_VERSION = 5.0;
				TARGETED_DEVICE_FAMILY = 4;
				WATCHOS_DEPLOYMENT_TARGET = 26.0;
			};
			name = Debug;
		};
		D3DD75332F383C570093AA7A /* Release */ = {
			isa = XCBuildConfiguration;
			buildSettings = {
				ASSETCATALOG_COMPILER_GLOBAL_ACCENT_COLOR_NAME = AccentColor;
				ASSETCATALOG_COMPILER_WIDGET_BACKGROUND_COLOR_NAME = WidgetBackground;
				CODE_SIGN_STYLE = Automatic;
				CURRENT_PROJECT_VERSION = 1;
				DEVELOPMENT_TEAM = ZU78LZES28;
				GENERATE_INFOPLIST_FILE = YES;
				INFOPLIST_FILE = HackerPocketWidget/Info.plist;
				INFOPLIST_KEY_CFBundleDisplayName = HackerPocketWidget;
				INFOPLIST_KEY_NSHumanReadableCopyright = "";
				LD_RUNPATH_SEARCH_PATHS = (
					"$(inherited)",
					"@executable_path/Frameworks",
					"@executable_path/../../Frameworks",
					"@executable_path/../../../../Frameworks",
				);
				MARKETING_VERSION = 1.0;
				PRODUCT_BUNDLE_IDENTIFIER = com.dakotakim.HackerPocket.watchkitapp.HackerPocketWidget;
				PRODUCT_NAME = "$(TARGET_NAME)";
				SDKROOT = watchos;
				SKIP_INSTALL = YES;
				STRING_CATALOG_GENERATE_SYMBOLS = YES;
				SWIFT_APPROACHABLE_CONCURRENCY = YES;
				SWIFT_EMIT_LOC_STRINGS = YES;
				SWIFT_UPCOMING_FEATURE_MEMBER_IMPORT_VISIBILITY = YES;
				SWIFT_VERSION = 5.0;
				TARGETED_DEVICE_FAMILY = 4;
				VALIDATE_PRODUCT = YES;
				WATCHOS_DEPLOYMENT_TARGET = 26.0;
			};
			name = Release;
		};
/* End XCBuildConfiguration section */

/* Begin XCConfigurationList section */
		D3C101082BAF4E3700A6A63B /* Build configuration list for PBXProject "HackerPocket" */ = {
			isa = XCConfigurationList;
			buildConfigurations = (
				D3C1011F2BAF4E3800A6A63B /* Debug */,
				D3C101202BAF4E3800A6A63B /* Release */,
			);
			defaultConfigurationIsVisible = 0;
			defaultConfigurationName = Release;
		};
		D3C101212BAF4E3800A6A63B /* Build configuration list for PBXNativeTarget "HackerPocket Watch App" */ = {
			isa = XCConfigurationList;
			buildConfigurations = (
				D3C101222BAF4E3800A6A63B /* Debug */,
				D3C101232BAF4E3800A6A63B /* Release */,
			);
			defaultConfigurationIsVisible = 0;
			defaultConfigurationName = Release;
		};
		D3C101252BAF4E3800A6A63B /* Build configuration list for PBXNativeTarget "HackerPocket" */ = {
			isa = XCConfigurationList;
			buildConfigurations = (
				D3C101262BAF4E3800A6A63B /* Debug */,
				D3C101272BAF4E3800A6A63B /* Release */,
			);
			defaultConfigurationIsVisible = 0;
			defaultConfigurationName = Release;
		};
		D3DD75352F383C570093AA7A /* Build configuration list for PBXNativeTarget "HackerPocketWidgetExtension" */ = {
			isa = XCConfigurationList;
			buildConfigurations = (
				D3DD75322F383C570093AA7A /* Debug */,
				D3DD75332F383C570093AA7A /* Release */,
			);
			defaultConfigurationIsVisible = 0;
			defaultConfigurationName = Release;
		};
/* End XCConfigurationList section */
	};
	rootObject = D3C101052BAF4E3700A6A63B /* Project object */;
}
